hash: a57bd97898d84533b4f825d5538763566b3bb3f504eb360324a27c77efdaeb95
updated: 2018-01-30T18:52:33.816601-05:00
imports:
- name: github.com/apache/thrift
  version: 9549b25c77587b29be4e0b5c258221a4ed85d37a
  subpackages:
  - lib/go/thrift
- name: github.com/facebookgo/clock
  version: 600d898af40aa09a7a93ecb9265d87b0504b6f03
- name: github.com/glycerine/go-unsnap-stream
  version: 62a9a9eb44fd8932157b1a8ace2149eff5971af6
- name: github.com/go-ole/go-ole
  version: de8695c8edbf8236f30d6e1376e20b198a028d42
  subpackages:
  - oleutil
- name: github.com/golang/snappy
  version: d7b1e156f50d3c4664f683603af70e3e47fa0aa2
- name: github.com/google/codesearch
  version: a45d81b686e85d01f2838439deaf72126ccd5a96
  subpackages:
  - index
  - sparse
- name: github.com/m3db/codesearch
  version: a45d81b686e85d01f2838439deaf72126ccd5a96
- name: github.com/m3db/m3x
  version: 640bad305baa75986e8b4cbacd23b530374f9c76
  subpackages:
  - checked
  - instrument
  - log
  - pool
  - process
- name: github.com/mschoch/smat
  version: 90eadee771aeab36e8bf796039b8c261bebebe4f
- name: github.com/philhofer/fwd
  version: bb6d471dc95d4fe11e432687f8b70ff496cf3136
- name: github.com/RoaringBitmap/roaring
  version: 4bbba8874933b985c9160558fddea525dde73e63
- name: github.com/shirou/gopsutil
  version: b62e301a8b9958eebb7299683eb57fab229a9501
  subpackages:
  - cpu
  - host
  - internal/common
  - mem
  - net
  - process
- name: github.com/shirou/w32
  version: bb4de0191aa41b5507caa14b0650cdbddcd9280b
- name: github.com/StackExchange/wmi
  version: e542ed97d15e640bdc14b5c12162d59e8fc67324
- name: github.com/tinylib/msgp
  version: 03a79185462ad029a6e7e05b2f3f3e0498d0a6c0
  subpackages:
  - msgp
- name: github.com/uber-go/atomic
  version: 8474b86a5a6f79c443ce4b2992817ff32cf208b8
- name: github.com/uber-go/tally
  version: 6c4631652c6aab57c64f65c2e0aaec2e9aae3a64
  subpackages:
  - m3
  - m3/customtransports
  - m3/thrift
  - m3/thriftudp
- name: github.com/willf/bitset
  version: 1ea0245d2bc8ce44623f24a1ae162beb06ad8cd6
testImports:
- name: github.com/davecgh/go-spew
  version: 5215b55f46b2b919f50a1df0eaa5886afe4e3b3d
  subpackages:
  - spew
- name: github.com/pmezard/go-difflib
  version: 792786c7400a136282c1664665ae0a8db921c6c2
  subpackages:
  - difflib
- name: github.com/stretchr/testify
  version: b91bfb9ebec76498946beb6af7c0230c7cc7ba6c
  subpackages:
  - assert
  - require
  - suite
